// !$*UTF8*$!
{
	archiveVersion = 1;
	classes = {
	};
	objectVersion = 56;
	objects = {

/* Begin PBXBuildFile section */
		837243142A8D1707009145E2 /* ToDo_iOS_AppApp.swift in Sources */ = {isa = PBXBuildFile; fileRef = 837243132A8D1707009145E2 /* ToDo_iOS_AppApp.swift */; };
		837243182A8D1709009145E2 /* Assets.xcassets in Resources */ = {isa = PBXBuildFile; fileRef = 837243172A8D1709009145E2 /* Assets.xcassets */; };
		8372431B2A8D1709009145E2 /* Preview Assets.xcassets in Resources */ = {isa = PBXBuildFile; fileRef = 8372431A2A8D1709009145E2 /* Preview Assets.xcassets */; };
		837243232A8D2892009145E2 /* ListView.swift in Sources */ = {isa = PBXBuildFile; fileRef = 837243222A8D2892009145E2 /* ListView.swift */; };
		837243252A8E6222009145E2 /* ListRowView.swift in Sources */ = {isa = PBXBuildFile; fileRef = 837243242A8E6222009145E2 /* ListRowView.swift */; };
		837243272A8E8924009145E2 /* AddView.swift in Sources */ = {isa = PBXBuildFile; fileRef = 837243262A8E8924009145E2 /* AddView.swift */; };
		8372432A2A8EFF60009145E2 /* ItemModel.swift in Sources */ = {isa = PBXBuildFile; fileRef = 837243292A8EFF60009145E2 /* ItemModel.swift */; };
		8372432D2A8F1934009145E2 /* ListViewModel.swift in Sources */ = {isa = PBXBuildFile; fileRef = 8372432C2A8F1934009145E2 /* ListViewModel.swift */; };
		8372432F2A90539D009145E2 /* NoItemsView.swift in Sources */ = {isa = PBXBuildFile; fileRef = 8372432E2A90539D009145E2 /* NoItemsView.swift */; };
		837243312A906DDE009145E2 /* LaunchScreen.storyboard in Resources */ = {isa = PBXBuildFile; fileRef = 837243302A906DDE009145E2 /* LaunchScreen.storyboard */; };
/* End PBXBuildFile section */

/* Begin PBXFileReference section */
		837243102A8D1707009145E2 /* ToDo_iOS_App.app */ = {isa = PBXFileReference; explicitFileType = wrapper.application; includeInIndex = 0; path = ToDo_iOS_App.app; sourceTree = BUILT_PRODUCTS_DIR; };
		837243132A8D1707009145E2 /* ToDo_iOS_AppApp.swift */ = {isa = PBXFileReference; lastKnownFileType = sourcecode.swift; path = ToDo_iOS_AppApp.swift; sourceTree = "<group>"; };
		837243172A8D1709009145E2 /* Assets.xcassets */ = {isa = PBXFileReference; lastKnownFileType = folder.assetcatalog; path = Assets.xcassets; sourceTree = "<group>"; };
		8372431A2A8D1709009145E2 /* Preview Assets.xcassets */ = {isa = PBXFileReference; lastKnownFileType = folder.assetcatalog; path = "Preview Assets.xcassets"; sourceTree = "<group>"; };
		837243222A8D2892009145E2 /* ListView.swift */ = {isa = PBXFileReference; lastKnownFileType = sourcecode.swift; path = ListView.swift; sourceTree = "<group>"; };
		837243242A8E6222009145E2 /* ListRowView.swift */ = {isa = PBXFileReference; lastKnownFileType = sourcecode.swift; path = ListRowView.swift; sourceTree = "<group>"; };
		837243262A8E8924009145E2 /* AddView.swift */ = {isa = PBXFileReference; lastKnownFileType = sourcecode.swift; path = AddView.swift; sourceTree = "<group>"; };
		837243292A8EFF60009145E2 /* ItemModel.swift */ = {isa = PBXFileReference; lastKnownFileType = sourcecode.swift; path = ItemModel.swift; sourceTree = "<group>"; };
		8372432C2A8F1934009145E2 /* ListViewModel.swift */ = {isa = PBXFileReference; lastKnownFileType = sourcecode.swift; path = ListViewModel.swift; sourceTree = "<group>"; };
		8372432E2A90539D009145E2 /* NoItemsView.swift */ = {isa = PBXFileReference; lastKnownFileType = sourcecode.swift; path = NoItemsView.swift; sourceTree = "<group>"; };
		837243302A906DDE009145E2 /* LaunchScreen.storyboard */ = {isa = PBXFileReference; lastKnownFileType = file.storyboard; path = LaunchScreen.storyboard; sourceTree = "<group>"; };
/* End PBXFileReference section */

/* Begin PBXFrameworksBuildPhase section */
		8372430D2A8D1707009145E2 /* Frameworks */ = {
			isa = PBXFrameworksBuildPhase;
			buildActionMask = 2147483647;
			files = (
			);
			runOnlyForDeploymentPostprocessing = 0;
		};
/* End PBXFrameworksBuildPhase section */

/* Begin PBXGroup section */
		837243072A8D1707009145E2 = {
			isa = PBXGroup;
			children = (
				837243122A8D1707009145E2 /* ToDo_iOS_App */,
				837243112A8D1707009145E2 /* Products */,
			);
			sourceTree = "<group>";
		};
		837243112A8D1707009145E2 /* Products */ = {
			isa = PBXGroup;
			children = (
				837243102A8D1707009145E2 /* ToDo_iOS_App.app */,
			);
			name = Products;
			sourceTree = "<group>";
		};
		837243122A8D1707009145E2 /* ToDo_iOS_App */ = {
			isa = PBXGroup;
			children = (
				837243132A8D1707009145E2 /* ToDo_iOS_AppApp.swift */,
				837243282A8EA96B009145E2 /* Models */,
				8372432B2A8F18C4009145E2 /* ViewModels */,
				837243212A8D26E0009145E2 /* Views */,
				837243172A8D1709009145E2 /* Assets.xcassets */,
				837243192A8D1709009145E2 /* Preview Content */,
			);
			path = ToDo_iOS_App;
			sourceTree = "<group>";
		};
		837243192A8D1709009145E2 /* Preview Content */ = {
			isa = PBXGroup;
			children = (
				8372431A2A8D1709009145E2 /* Preview Assets.xcassets */,
			);
			path = "Preview Content";
			sourceTree = "<group>";
		};
		837243212A8D26E0009145E2 /* Views */ = {
			isa = PBXGroup;
			children = (
				837243222A8D2892009145E2 /* ListView.swift */,
				837243242A8E6222009145E2 /* ListRowView.swift */,
				837243262A8E8924009145E2 /* AddView.swift */,
				8372432E2A90539D009145E2 /* NoItemsView.swift */,
				837243302A906DDE009145E2 /* LaunchScreen.storyboard */,
			);
			path = Views;
			sourceTree = "<group>";
		};
		837243282A8EA96B009145E2 /* Models */ = {
			isa = PBXGroup;
			children = (
				837243292A8EFF60009145E2 /* ItemModel.swift */,
			);
			path = Models;
			sourceTree = "<group>";
		};
		8372432B2A8F18C4009145E2 /* ViewModels */ = {
			isa = PBXGroup;
			children = (
				8372432C2A8F1934009145E2 /* ListViewModel.swift */,
			);
			path = ViewModels;
			sourceTree = "<group>";
		};
/* End PBXGroup section */

/* Begin PBXNativeTarget section */
		8372430F2A8D1707009145E2 /* ToDo_iOS_App */ = {
			isa = PBXNativeTarget;
			buildConfigurationList = 8372431E2A8D1709009145E2 /* Build configuration list for PBXNativeTarget "ToDo_iOS_App" */;
			buildPhases = (
				8372430C2A8D1707009145E2 /* Sources */,
				8372430D2A8D1707009145E2 /* Frameworks */,
				8372430E2A8D1707009145E2 /* Resources */,
			);
			buildRules = (
			);
			dependencies = (
			);
			name = ToDo_iOS_App;
			productName = ToDo_iOS_App;
			productReference = 837243102A8D1707009145E2 /* ToDo_iOS_App.app */;
			productType = "com.apple.product-type.application";
		};
/* End PBXNativeTarget section */

/* Begin PBXProject section */
		837243082A8D1707009145E2 /* Project object */ = {
			isa = PBXProject;
			attributes = {
				BuildIndependentTargetsInParallel = 1;
				LastSwiftUpdateCheck = 1420;
				LastUpgradeCheck = 1420;
				TargetAttributes = {
					8372430F2A8D1707009145E2 = {
						CreatedOnToolsVersion = 14.2;
					};
				};
			};
			buildConfigurationList = 8372430B2A8D1707009145E2 /* Build configuration list for PBXProject "ToDo_iOS_App" */;
			compatibilityVersion = "Xcode 14.0";
			developmentRegion = en;
			hasScannedForEncodings = 0;
			knownRegions = (
				en,
				Base,
			);
			mainGroup = 837243072A8D1707009145E2;
			productRefGroup = 837243112A8D1707009145E2 /* Products */;
			projectDirPath = "";
			projectRoot = "";
			targets = (
				8372430F2A8D1707009145E2 /* ToDo_iOS_App */,
			);
		};
/* End PBXProject section */

/* Begin PBXResourcesBuildPhase section */
		8372430E2A8D1707009145E2 /* Resources */ = {
			isa = PBXResourcesBuildPhase;
			buildActionMask = 2147483647;
			files = (
				837243312A906DDE009145E2 /* LaunchScreen.storyboard in Resources */,
				8372431B2A8D1709009145E2 /* Preview Assets.xcassets in Resources */,
				837243182A8D1709009145E2 /* Assets.xcassets in Resources */,
			);
			runOnlyForDeploymentPostprocessing = 0;
		};
/* End PBXResourcesBuildPhase section */

/* Begin PBXSourcesBuildPhase section */
		8372430C2A8D1707009145E2 /* Sources */ = {
			isa = PBXSourcesBuildPhase;
			buildActionMask = 2147483647;
			files = (
				8372432A2A8EFF60009145E2 /* ItemModel.swift in Sources */,
				837243272A8E8924009145E2 /* AddView.swift in Sources */,
				8372432D2A8F1934009145E2 /* ListViewModel.swift in Sources */,
				837243142A8D1707009145E2 /* ToDo_iOS_AppApp.swift in Sources */,
				837243232A8D2892009145E2 /* ListView.swift in Sources */,
				8372432F2A90539D009145E2 /* NoItemsView.swift in Sources */,
				837243252A8E6222009145E2 /* ListRowView.swift in Sources */,
			);
			runOnlyForDeploymentPostprocessing = 0;
		};
/* End PBXSourcesBuildPhase section */

/* Begin XCBuildConfiguration section */
		8372431C2A8D1709009145E2 /* Debug */ = {
			isa = XCBuildConfiguration;
			buildSettings = {
				ALWAYS_SEARCH_USER_PATHS = NO;
				CLANG_ANALYZER_NONNULL = YES;
				CLANG_ANALYZER_NUMBER_OBJECT_CONVERSION = YES_AGGRESSIVE;
				CLANG_CXX_LANGUAGE_STANDARD = "gnu++20";
				CLANG_ENABLE_MODULES = YES;
				CLANG_ENABLE_OBJC_ARC = YES;
				CLANG_ENABLE_OBJC_WEAK = YES;
				CLANG_WARN_BLOCK_CAPTURE_AUTORELEASING = YES;
				CLANG_WARN_BOOL_CONVERSION = YES;
				CLANG_WARN_COMMA = YES;
				CLANG_WARN_CONSTANT_CONVERSION = YES;
				CLANG_WARN_DEPRECATED_OBJC_IMPLEMENTATIONS = YES;
				CLANG_WARN_DIRECT_OBJC_ISA_USAGE = YES_ERROR;
				CLANG_WARN_DOCUMENTATION_COMMENTS = YES;
				CLANG_WARN_EMPTY_BODY = YES;
				CLANG_WARN_ENUM_CONVERSION = YES;
				CLANG_WARN_INFINITE_RECURSION = YES;
				CLANG_WARN_INT_CONVERSION = YES;
				CLANG_WARN_NON_LITERAL_NULL_CONVERSION = YES;
				CLANG_WARN_OBJC_IMPLICIT_RETAIN_SELF = YES;
				CLANG_WARN_OBJC_LITERAL_CONVERSION = YES;
				CLANG_WARN_OBJC_ROOT_CLASS = YES_ERROR;
				CLANG_WARN_QUOTED_INCLUDE_IN_FRAMEWORK_HEADER = YES;
				CLANG_WARN_RANGE_LOOP_ANALYSIS = YES;
				CLANG_WARN_STRICT_PROTOTYPES = YES;
				CLANG_WARN_SUSPICIOUS_MOVE = YES;
				CLANG_WARN_UNGUARDED_AVAILABILITY = YES_AGGRESSIVE;
				CLANG_WARN_UNREACHABLE_CODE = YES;
				CLANG_WARN__DUPLICATE_METHOD_MATCH = YES;
				COPY_PHASE_STRIP = NO;
				DEBUG_INFORMATION_FORMAT = dwarf;
				ENABLE_STRICT_OBJC_MSGSEND = YES;
				ENABLE_TESTABILITY = YES;
				GCC_C_LANGUAGE_STANDARD = gnu11;
				GCC_DYNAMIC_NO_PIC = NO;
				GCC_NO_COMMON_BLOCKS = YES;
				GCC_OPTIMIZATION_LEVEL = 0;
				GCC_PREPROCESSOR_DEFINITIONS = (
					"DEBUG=1",
					"$(inherited)",
				);
				GCC_WARN_64_TO_32_BIT_CONVERSION = YES;
				GCC_WARN_ABOUT_RETURN_TYPE = YES_ERROR;
				GCC_WARN_UNDECLARED_SELECTOR = YES;
				GCC_WARN_UNINITIALIZED_AUTOS = YES_AGGRESSIVE;
				GCC_WARN_UNUSED_FUNCTION = YES;
				GCC_WARN_UNUSED_VARIABLE = YES;
				IPHONEOS_DEPLOYMENT_TARGET = 16.2;
				MTL_ENABLE_DEBUG_INFO = INCLUDE_SOURCE;
				MTL_FAST_MATH = YES;
				ONLY_ACTIVE_ARCH = YES;
				SDKROOT = iphoneos;
				SWIFT_ACTIVE_COMPILATION_CONDITIONS = DEBUG;
				SWIFT_OPTIMIZATION_LEVEL = "-Onone";
			};
			name = Debug;
		};
		8372431D2A8D1709009145E2 /* Release */ = {
			isa = XCBuildConfiguration;
			buildSettings = {
				ALWAYS_SEARCH_USER_PATHS = NO;
				CLANG_ANALYZER_NONNULL = YES;
				CLANG_ANALYZER_NUMBER_OBJECT_CONVERSION = YES_AGGRESSIVE;
				CLANG_CXX_LANGUAGE_STANDARD = "gnu++20";
				CLANG_ENABLE_MODULES = YES;
				CLANG_ENABLE_OBJC_ARC = YES;
				CLANG_ENABLE_OBJC_WEAK = YES;
				CLANG_WARN_BLOCK_CAPTURE_AUTORELEASING = YES;
				CLANG_WARN_BOOL_CONVERSION = YES;
				CLANG_WARN_COMMA = YES;
				CLANG_WARN_CONSTANT_CONVERSION = YES;
				CLANG_WARN_DEPRECATED_OBJC_IMPLEMENTATIONS = YES;
				CLANG_WARN_DIRECT_OBJC_ISA_USAGE = YES_ERROR;
				CLANG_WARN_DOCUMENTATION_COMMENTS = YES;
				CLANG_WARN_EMPTY_BODY = YES;
				CLANG_WARN_ENUM_CONVERSION = YES;
				CLANG_WARN_INFINITE_RECURSION = YES;
				CLANG_WARN_INT_CONVERSION = YES;
				CLANG_WARN_NON_LITERAL_NULL_CONVERSION = YES;
				CLANG_WARN_OBJC_IMPLICIT_RETAIN_SELF = YES;
				CLANG_WARN_OBJC_LITERAL_CONVERSION = YES;
				CLANG_WARN_OBJC_ROOT_CLASS = YES_ERROR;
				CLANG_WARN_QUOTED_INCLUDE_IN_FRAMEWORK_HEADER = YES;
				CLANG_WARN_RANGE_LOOP_ANALYSIS = YES;
				CLANG_WARN_STRICT_PROTOTYPES = YES;
				CLANG_WARN_SUSPICIOUS_MOVE = YES;
				CLANG_WARN_UNGUARDED_AVAILABILITY = YES_AGGRESSIVE;
				CLANG_WARN_UNREACHABLE_CODE = YES;
				CLANG_WARN__DUPLICATE_METHOD_MATCH = YES;
				COPY_PHASE_STRIP = NO;
				DEBUG_INFORMATION_FORMAT = "dwarf-with-dsym";
				ENABLE_NS_ASSERTIONS = NO;
				ENABLE_STRICT_OBJC_MSGSEND = YES;
				GCC_C_LANGUAGE_STANDARD = gnu11;
				GCC_NO_COMMON_BLOCKS = YES;
				GCC_WARN_64_TO_32_BIT_CONVERSION = YES;
				GCC_WARN_ABOUT_RETURN_TYPE = YES_ERROR;
				GCC_WARN_UNDECLARED_SELECTOR = YES;
				GCC_WARN_UNINITIALIZED_AUTOS = YES_AGGRESSIVE;
				GCC_WARN_UNUSED_FUNCTION = YES;
				GCC_WARN_UNUSED_VARIABLE = YES;
				IPHONEOS_DEPLOYMENT_TARGET = 16.2;
				MTL_ENABLE_DEBUG_INFO = NO;
				MTL_FAST_MATH = YES;
				SDKROOT = iphoneos;
				SWIFT_COMPILATION_MODE = wholemodule;
				SWIFT_OPTIMIZATION_LEVEL = "-O";
				VALIDATE_PRODUCT = YES;
			};
			name = Release;
		};
		8372431F2A8D1709009145E2 /* Debug */ = {
			isa = XCBuildConfiguration;
			buildSettings = {
				ASSETCATALOG_COMPILER_APPICON_NAME = AppIcon;
				ASSETCATALOG_COMPILER_GLOBAL_ACCENT_COLOR_NAME = AccentColor;
				CODE_SIGN_STYLE = Automatic;
				CURRENT_PROJECT_VERSION = 1;
				DEVELOPMENT_ASSET_PATHS = "\"ToDo_iOS_App/Preview Content\"";
				ENABLE_PREVIEWS = YES;
				GENERATE_INFOPLIST_FILE = YES;
				INFOPLIST_KEY_CFBundleDisplayName = "Doing Things!";
				INFOPLIST_KEY_UIApplicationSceneManifest_Generation = YES;
				INFOPLIST_KEY_UIApplicationSupportsIndirectInputEvents = YES;
				INFOPLIST_KEY_UILaunchStoryboardName = LaunchScreen.storyboard;
				INFOPLIST_KEY_UISupportedInterfaceOrientations_iPad = "UIInterfaceOrientationPortrait UIInterfaceOrientationPortraitUpsideDown UIInterfaceOrientationLandscapeLeft UIInterfaceOrientationLandscapeRight";
				INFOPLIST_KEY_UISupportedInterfaceOrientations_iPhone = "UIInterfaceOrientationPortrait UIInterfaceOrientationLandscapeLeft UIInterfaceOrientationLandscapeRight";
				LD_RUNPATH_SEARCH_PATHS = (
					"$(inherited)",
					"@executable_path/Frameworks",
				);
				MARKETING_VERSION = 1.0;
				PRODUCT_BUNDLE_IDENTIFIER = "km.ToDo-iOS-App";
				PRODUCT_NAME = "$(TARGET_NAME)";
				SWIFT_EMIT_LOC_STRINGS = YES;
				SWIFT_VERSION = 5.0;
				TARGETED_DEVICE_FAMILY = "1,2";
			};
			name = Debug;
		};
		837243202A8D1709009145E2 /* Release */ = {
			isa = XCBuildConfiguration;
			buildSettings = {
				ASSETCATALOG_COMPILER_APPICON_NAME = AppIcon;
				ASSETCATALOG_COMPILER_GLOBAL_ACCENT_COLOR_NAME = AccentColor;
				CODE_SIGN_STYLE = Automatic;
				CURRENT_PROJECT_VERSION = 1;
				DEVELOPMENT_ASSET_PATHS = "\"ToDo_iOS_App/Preview Content\"";
				ENABLE_PREVIEWS = YES;
				GENERATE_INFOPLIST_FILE = YES;
				INFOPLIST_KEY_CFBundleDisplayName = "Doing Things!";
				INFOPLIST_KEY_UIApplicationSceneManifest_Generation = YES;
				INFOPLIST_KEY_UIApplicationSupportsIndirectInputEvents = YES;
				INFOPLIST_KEY_UILaunchStoryboardName = LaunchScreen.storyboard;
				INFOPLIST_KEY_UISupportedInterfaceOrientations_iPad = "UIInterfaceOrientationPortrait UIInterfaceOrientationPortraitUpsideDown UIInterfaceOrientationLandscapeLeft UIInterfaceOrientationLandscapeRight";
				INFOPLIST_KEY_UISupportedInterfaceOrientations_iPhone = "UIInterfaceOrientationPortrait UIInterfaceOrientationLandscapeLeft UIInterfaceOrientationLandscapeRight";
				LD_RUNPATH_SEARCH_PATHS = (
					"$(inherited)",
					"@executable_path/Frameworks",
				);
				MARKETING_VERSION = 1.0;
				PRODUCT_BUNDLE_IDENTIFIER = "km.ToDo-iOS-App";
				PRODUCT_NAME = "$(TARGET_NAME)";
				SWIFT_EMIT_LOC_STRINGS = YES;
				SWIFT_VERSION = 5.0;
				TARGETED_DEVICE_FAMILY = "1,2";
			};
			name = Release;
		};
/* End XCBuildConfiguration section */

/* Begin XCConfigurationList section */
		8372430B2A8D1707009145E2 /* Build configuration list for PBXProject "ToDo_iOS_App" */ = {
			isa = XCConfigurationList;
			buildConfigurations = (
				8372431C2A8D1709009145E2 /* Debug */,
				8372431D2A8D1709009145E2 /* Release */,
			);
			defaultConfigurationIsVisible = 0;
			defaultConfigurationName = Release;
		};
		8372431E2A8D1709009145E2 /* Build configuration list for PBXNativeTarget "ToDo_iOS_App" */ = {
			isa = XCConfigurationList;
			buildConfigurations = (
				8372431F2A8D1709009145E2 /* Debug */,
				837243202A8D1709009145E2 /* Release */,
			);
			defaultConfigurationIsVisible = 0;
			defaultConfigurationName = Release;
		};
/* End XCConfigurationList section */
	};
	rootObject = 837243082A8D1707009145E2 /* Project object */;
}
